
Microsoft Visual Studio Solution File, Format Version 12.00
# Visual Studio 15
VisualStudioVersion = 15.0.28010.2041
MinimumVisualStudioVersion = 10.0.40219.1
Project("{9A19103F-16F7-4668-BE54-9A1E7A4F7556}") = "shopping_cart", "shopping_cart.csproj", "{34115B72-2609-4952-BC5F-89D4E61E6942}"
EndProject
Global
	GlobalSection(SolutionConfigurationPlatforms) = preSolution
		Debug|Any CPU = Debug|Any CPU
		Release|Any CPU = Release|Any CPU
	EndGlobalSection
	GlobalSection(ProjectConfigurationPlatforms) = postSolution
		{34115B72-2609-4952-BC5F-89D4E61E6942}.Debug|Any CPU.ActiveCfg = Debug|Any CPU
		{34115B72-2609-4952-BC5F-89D4E61E6942}.Debug|Any CPU.Build.0 = Debug|Any CPU
		{34115B72-2609-4952-BC5F-89D4E61E6942}.Release|Any CPU.ActiveCfg = Release|Any CPU
		{34115B72-2609-4952-BC5F-89D4E61E6942}.Release|Any CPU.Build.0 = Release|Any CPU
	EndGlobalSection
	GlobalSection(SolutionProperties) = preSolution
		HideSolutionNode = FALSE
	EndGlobalSection
	GlobalSection(ExtensibilityGlobals) = postSolution
		SolutionGuid = {DFBE26A4-2EE9-4305-8A6A-D14ED86037B6}
	EndGlobalSection
EndGlobal
